Microsoft Visual Studio Solution File, Format Version 12.00
# Visual Studio Version 17
VisualStudioVersion = 17.0.31903.59
MinimumVisualStudioVersion = 10.0.40219.1
Project("{FAE04EC0-301F-11D3-BF4B-00C04F79EFBC}") = "YawaChatHub", "YawaChatHub\YawaChatHub.csproj", "{8E1C4B5A-0000-4000-8000-000000000001}"
EndProject
Global
	GlobalSection(SolutionConfigurationPlatforms) = preSolution
		Debug|x64 = Debug|x64
		Release|x64 = Release|x64
	EndGlobalSection
	GlobalSection(ProjectConfigurationPlatforms) = postSolution
		{8E1C4B5A-0000-4000-8000-000000000001}.Debug|x64.ActiveCfg = Debug|x64
		{8E1C4B5A-0000-4000-8000-000000000001}.Debug|x64.Build.0 = Debug|x64
		{8E1C4B5A-0000-4000-8000-000000000001}.Release|x64.ActiveCfg = Release|x64
		{8E1C4B5A-0000-4000-8000-000000000001}.Release|x64.Build.0 = Release|x64
	EndGlobalSection
EndGlobal
